
Microsoft Visual Studio Solution File, Format Version 12.00
# Visual Studio 15
VisualStudioVersion = 15.0.28010.2026
MinimumVisualStudioVersion = 10.0.40219.1
Project("{FAE04EC0-301F-11D3-BF4B-00C04F79EFBC}") = "Bustamante.Francisco.2A", "Bustamante.Francisco.2A.csproj", "{69198A1A-FCEC-47B8-9710-1E4F700241E1}"
EndProject
Project("{FAE04EC0-301F-11D3-BF4B-00C04F79EFBC}") = "Test_Mascotas", "..\Test_Mascotas\Test_Mascotas.csproj", "{351408BC-D369-416A-8031-144A8AD7351C}"
EndProject
Global
	GlobalSection(SolutionConfigurationPlatforms) = preSolution
		Debug|Any CPU = Debug|Any CPU
		Release|Any CPU = Release|Any CPU
	EndGlobalSection
	GlobalSection(ProjectConfigurationPlatforms) = postSolution
		{69198A1A-FCEC-47B8-9710-1E4F700241E1}.Debug|Any CPU.ActiveCfg = Debug|Any CPU
		{69198A1A-FCEC-47B8-9710-1E4F700241E1}.Debug|Any CPU.Build.0 = Debug|Any CPU
		{69198A1A-FCEC-47B8-9710-1E4F700241E1}.Release|Any CPU.ActiveCfg = Release|Any CPU
		{69198A1A-FCEC-47B8-9710-1E4F700241E1}.Release|Any CPU.Build.0 = Release|Any CPU
		{351408BC-D369-416A-8031-144A8AD7351C}.Debug|Any CPU.ActiveCfg = Debug|Any CPU
		{351408BC-D369-416A-8031-144A8AD7351C}.Debug|Any CPU.Build.0 = Debug|Any CPU
		{351408BC-D369-416A-8031-144A8AD7351C}.Release|Any CPU.ActiveCfg = Release|Any CPU
		{351408BC-D369-416A-8031-144A8AD7351C}.Release|Any CPU.Build.0 = Release|Any CPU
	EndGlobalSection
	GlobalSection(SolutionProperties) = preSolution
		HideSolutionNode = FALSE
	EndGlobalSection
	GlobalSection(ExtensibilityGlobals) = postSolution
		SolutionGuid = {337BD3AF-160A-49E3-AD06-89393BD04B01}
	EndGlobalSection
EndGlobal
